
Microsoft Visual Studio Solution File, Format Version 12.00
# Visual Studio Version 17
VisualStudioVersion = 17.3.32811.315
MinimumVisualStudioVersion = 10.0.40219.1
Project("{FAE04EC0-301F-11D3-BF4B-00C04F79EFBC}") = "Primer Obligatorio 2022", "Primer Obligatorio 2022\Primer Obligatorio 2022.csproj", "{CDFD389A-F68A-429A-B5D2-597B35018880}"
EndProject
Global
	GlobalSection(SolutionConfigurationPlatforms) = preSolution
		Debug|Any CPU = Debug|Any CPU
		Release|Any CPU = Release|Any CPU
	EndGlobalSection
	GlobalSection(ProjectConfigurationPlatforms) = postSolution
		{CDFD389A-F68A-429A-B5D2-597B35018880}.Debug|Any CPU.ActiveCfg = Debug|Any CPU
		{CDFD389A-F68A-429A-B5D2-597B35018880}.Debug|Any CPU.Build.0 = Debug|Any CPU
		{CDFD389A-F68A-429A-B5D2-597B35018880}.Release|Any CPU.ActiveCfg = Release|Any CPU
		{CDFD389A-F68A-429A-B5D2-597B35018880}.Release|Any CPU.Build.0 = Release|Any CPU
	EndGlobalSection
	GlobalSection(SolutionProperties) = preSolution
		HideSolutionNode = FALSE
	EndGlobalSection
	GlobalSection(ExtensibilityGlobals) = postSolution
		SolutionGuid = {2156DAB1-13B5-4628-A874-CC2D60AF2FF3}
	EndGlobalSection
EndGlobal
